
Microsoft Visual Studio Solution File, Format Version 12.00
# Visual Studio 15
VisualStudioVersion = 15.0.28307.329
MinimumVisualStudioVersion = 10.0.40219.1
Project("{FAE04EC0-301F-11D3-BF4B-00C04F79EFBC}") = "TicTacToeTDD", "TicTacToeTDD\TicTacToeTDD.csproj", "{323B9C0F-FB71-466C-91B1-F36E2C8CF32B}"
EndProject
Global
	GlobalSection(SolutionConfigurationPlatforms) = preSolution
		Debug|Any CPU = Debug|Any CPU
		Release|Any CPU = Release|Any CPU
	EndGlobalSection
	GlobalSection(ProjectConfigurationPlatforms) = postSolution
		{323B9C0F-FB71-466C-91B1-F36E2C8CF32B}.Debug|Any CPU.ActiveCfg = Debug|Any CPU
		{323B9C0F-FB71-466C-91B1-F36E2C8CF32B}.Debug|Any CPU.Build.0 = Debug|Any CPU
		{323B9C0F-FB71-466C-91B1-F36E2C8CF32B}.Release|Any CPU.ActiveCfg = Release|Any CPU
		{323B9C0F-FB71-466C-91B1-F36E2C8CF32B}.Release|Any CPU.Build.0 = Release|Any CPU
	EndGlobalSection
	GlobalSection(SolutionProperties) = preSolution
		HideSolutionNode = FALSE
	EndGlobalSection
	GlobalSection(ExtensibilityGlobals) = postSolution
		SolutionGuid = {015B8D69-4B0F-4EBA-A42F-3903894C208C}
	EndGlobalSection
EndGlobal
